
Microsoft Visual Studio Solution File, Format Version 12.00
# Visual Studio Version 17
VisualStudioVersion = 17.4.33205.214
MinimumVisualStudioVersion = 10.0.40219.1
Project("{FAE04EC0-301F-11D3-BF4B-00C04F79EFBC}") = "PracticeWork", "PracticeWork\PracticeWork.csproj", "{0CE0DE1D-7AFC-4CD6-A373-837A65E86629}"
EndProject
Global
	GlobalSection(SolutionConfigurationPlatforms) = preSolution
		Debug|Any CPU = Debug|Any CPU
		Release|Any CPU = Release|Any CPU
	EndGlobalSection
	GlobalSection(ProjectConfigurationPlatforms) = postSolution
		{0CE0DE1D-7AFC-4CD6-A373-837A65E86629}.Debug|Any CPU.ActiveCfg = Debug|Any CPU
		{0CE0DE1D-7AFC-4CD6-A373-837A65E86629}.Debug|Any CPU.Build.0 = Debug|Any CPU
		{0CE0DE1D-7AFC-4CD6-A373-837A65E86629}.Release|Any CPU.ActiveCfg = Release|Any CPU
		{0CE0DE1D-7AFC-4CD6-A373-837A65E86629}.Release|Any CPU.Build.0 = Release|Any CPU
	EndGlobalSection
	GlobalSection(SolutionProperties) = preSolution
		HideSolutionNode = FALSE
	EndGlobalSection
	GlobalSection(ExtensibilityGlobals) = postSolution
		SolutionGuid = {9BC8E138-342B-4BC1-A9DF-2CE728E8935A}
	EndGlobalSection
EndGlobal
